Microsoft Visual Studio Solution File, Format Version 12.00
# Visual Studio Version 17
VisualStudioVersion = 17.5.2.0
MinimumVisualStudioVersion = 10.0.40219.1
Project("{FAE04EC0-301F-11D3-BF4B-00C04F79EFBC}") = "Koleksiyonlar-Soru2", "Koleksiyonlar-Soru2.csproj", "{705BB949-86DA-D155-A556-BF1271E3E526}"
EndProject
Global
	GlobalSection(SolutionConfigurationPlatforms) = preSolution
		Debug|Any CPU = Debug|Any CPU
		Release|Any CPU = Release|Any CPU
	EndGlobalSection
	GlobalSection(ProjectConfigurationPlatforms) = postSolution
		{705BB949-86DA-D155-A556-BF1271E3E526}.Debug|Any CPU.ActiveCfg = Debug|Any CPU
		{705BB949-86DA-D155-A556-BF1271E3E526}.Debug|Any CPU.Build.0 = Debug|Any CPU
		{705BB949-86DA-D155-A556-BF1271E3E526}.Release|Any CPU.ActiveCfg = Release|Any CPU
		{705BB949-86DA-D155-A556-BF1271E3E526}.Release|Any CPU.Build.0 = Release|Any CPU
	EndGlobalSection
	GlobalSection(SolutionProperties) = preSolution
		HideSolutionNode = FALSE
	EndGlobalSection
	GlobalSection(ExtensibilityGlobals) = postSolution
		SolutionGuid = {83587D24-F552-408F-A73D-586CA6629AE5}
	EndGlobalSection
EndGlobal
