Microsoft Visual Studio Solution File, Format Version 12.00
# Visual Studio Version 17
VisualStudioVersion = 17.5.2.0
MinimumVisualStudioVersion = 10.0.40219.1
Project("{FAE04EC0-301F-11D3-BF4B-00C04F79EFBC}") = "sinif_kavrami", "sinif_kavrami.csproj", "{46700AA3-EA5E-5B13-25B1-C6C0D334B614}"
EndProject
Global
	GlobalSection(SolutionConfigurationPlatforms) = preSolution
		Debug|Any CPU = Debug|Any CPU
		Release|Any CPU = Release|Any CPU
	EndGlobalSection
	GlobalSection(ProjectConfigurationPlatforms) = postSolution
		{46700AA3-EA5E-5B13-25B1-C6C0D334B614}.Debug|Any CPU.ActiveCfg = Debug|Any CPU
		{46700AA3-EA5E-5B13-25B1-C6C0D334B614}.Debug|Any CPU.Build.0 = Debug|Any CPU
		{46700AA3-EA5E-5B13-25B1-C6C0D334B614}.Release|Any CPU.ActiveCfg = Release|Any CPU
		{46700AA3-EA5E-5B13-25B1-C6C0D334B614}.Release|Any CPU.Build.0 = Release|Any CPU
	EndGlobalSection
	GlobalSection(SolutionProperties) = preSolution
		HideSolutionNode = FALSE
	EndGlobalSection
	GlobalSection(ExtensibilityGlobals) = postSolution
		SolutionGuid = {63F96414-81F6-41FF-A567-697E9893856F}
	EndGlobalSection
EndGlobal
