Microsoft Visual Studio Solution File, Format Version 12.00
# Visual Studio Version 17
VisualStudioVersion = 17.5.2.0
MinimumVisualStudioVersion = 10.0.40219.1
Project("{FAE04EC0-301F-11D3-BF4B-00C04F79EFBC}") = "datetime_math", "datetime_math.csproj", "{EA9C1E29-6E0D-C8B4-03A4-8F49ABEDE8BF}"
EndProject
Global
	GlobalSection(SolutionConfigurationPlatforms) = preSolution
		Debug|Any CPU = Debug|Any CPU
		Release|Any CPU = Release|Any CPU
	EndGlobalSection
	GlobalSection(ProjectConfigurationPlatforms) = postSolution
		{EA9C1E29-6E0D-C8B4-03A4-8F49ABEDE8BF}.Debug|Any CPU.ActiveCfg = Debug|Any CPU
		{EA9C1E29-6E0D-C8B4-03A4-8F49ABEDE8BF}.Debug|Any CPU.Build.0 = Debug|Any CPU
		{EA9C1E29-6E0D-C8B4-03A4-8F49ABEDE8BF}.Release|Any CPU.ActiveCfg = Release|Any CPU
		{EA9C1E29-6E0D-C8B4-03A4-8F49ABEDE8BF}.Release|Any CPU.Build.0 = Release|Any CPU
	EndGlobalSection
	GlobalSection(SolutionProperties) = preSolution
		HideSolutionNode = FALSE
	EndGlobalSection
	GlobalSection(ExtensibilityGlobals) = postSolution
		SolutionGuid = {67D0C87A-65DB-41AB-A538-D03D13A3F96C}
	EndGlobalSection
EndGlobal
