Microsoft Visual Studio Solution File, Format Version 12.00
# Visual Studio Version 17
VisualStudioVersion = 17.5.2.0
MinimumVisualStudioVersion = 10.0.40219.1
Project("{FAE04EC0-301F-11D3-BF4B-00C04F79EFBC}") = "Koleksiyonlar-Soru3", "Koleksiyonlar-Soru3.csproj", "{DA545ED1-D057-FD72-506A-7D8A91D24255}"
EndProject
Global
	GlobalSection(SolutionConfigurationPlatforms) = preSolution
		Debug|Any CPU = Debug|Any CPU
		Release|Any CPU = Release|Any CPU
	EndGlobalSection
	GlobalSection(ProjectConfigurationPlatforms) = postSolution
		{DA545ED1-D057-FD72-506A-7D8A91D24255}.Debug|Any CPU.ActiveCfg = Debug|Any CPU
		{DA545ED1-D057-FD72-506A-7D8A91D24255}.Debug|Any CPU.Build.0 = Debug|Any CPU
		{DA545ED1-D057-FD72-506A-7D8A91D24255}.Release|Any CPU.ActiveCfg = Release|Any CPU
		{DA545ED1-D057-FD72-506A-7D8A91D24255}.Release|Any CPU.Build.0 = Release|Any CPU
	EndGlobalSection
	GlobalSection(SolutionProperties) = preSolution
		HideSolutionNode = FALSE
	EndGlobalSection
	GlobalSection(ExtensibilityGlobals) = postSolution
		SolutionGuid = {B55D0F86-65AF-487B-8F78-E3FA05894716}
	EndGlobalSection
EndGlobal
